
Microsoft Visual Studio Solution File, Format Version 12.00
# Visual Studio 15
VisualStudioVersion = 15.0.26430.13
MinimumVisualStudioVersion = 10.0.40219.1
Project("{2150E333-8FDC-42A3-9474-1A3956D46DE8}") = "src", "src", "{0F08E36C-9F18-423D-8F8C-C8C2FACF00F7}"
EndProject
Project("{9A19103F-16F7-4668-BE54-9A1E7A4F7556}") = "AntShares.VM", "src\AntShares.VM\AntShares.VM.csproj", "{6A621185-36A9-4E1A-8D3D-462D19503E32}"
EndProject
Project("{9A19103F-16F7-4668-BE54-9A1E7A4F7556}") = "AntShares.Compiler.ASM", "src\AntShares.Compiler.ASM\AntShares.Compiler.ASM.csproj", "{C17DE6B6-6885-4BA9-BAA8-273F3E03144D}"
EndProject
Project("{9A19103F-16F7-4668-BE54-9A1E7A4F7556}") = "AntShares.Compiler.MSIL", "src\AntShares.Compiler.MSIL\AntShares.Compiler.MSIL.csproj", "{78586F32-C280-4C92-B34C-7A08B84BB658}"
EndProject
Project("{9A19103F-16F7-4668-BE54-9A1E7A4F7556}") = "AntShares.Compiler.JVM", "src\AntShares.Compiler.JVM\AntShares.Compiler.JVM.csproj", "{233A4B6C-718E-4529-8B39-21C119A8D655}"
EndProject
Global
	GlobalSection(SolutionConfigurationPlatforms) = preSolution
		Debug|Any CPU = Debug|Any CPU
		Release|Any CPU = Release|Any CPU
	EndGlobalSection
	GlobalSection(ProjectConfigurationPlatforms) = postSolution
		{6A621185-36A9-4E1A-8D3D-462D19503E32}.Debug|Any CPU.ActiveCfg = Debug|Any CPU
		{6A621185-36A9-4E1A-8D3D-462D19503E32}.Debug|Any CPU.Build.0 = Debug|Any CPU
		{6A621185-36A9-4E1A-8D3D-462D19503E32}.Release|Any CPU.ActiveCfg = Release|Any CPU
		{6A621185-36A9-4E1A-8D3D-462D19503E32}.Release|Any CPU.Build.0 = Release|Any CPU
		{C17DE6B6-6885-4BA9-BAA8-273F3E03144D}.Debug|Any CPU.ActiveCfg = Debug|Any CPU
		{C17DE6B6-6885-4BA9-BAA8-273F3E03144D}.Debug|Any CPU.Build.0 = Debug|Any CPU
		{C17DE6B6-6885-4BA9-BAA8-273F3E03144D}.Release|Any CPU.ActiveCfg = Release|Any CPU
		{C17DE6B6-6885-4BA9-BAA8-273F3E03144D}.Release|Any CPU.Build.0 = Release|Any CPU
		{78586F32-C280-4C92-B34C-7A08B84BB658}.Debug|Any CPU.ActiveCfg = Debug|Any CPU
		{78586F32-C280-4C92-B34C-7A08B84BB658}.Debug|Any CPU.Build.0 = Debug|Any CPU
		{78586F32-C280-4C92-B34C-7A08B84BB658}.Release|Any CPU.ActiveCfg = Release|Any CPU
		{78586F32-C280-4C92-B34C-7A08B84BB658}.Release|Any CPU.Build.0 = Release|Any CPU
		{233A4B6C-718E-4529-8B39-21C119A8D655}.Debug|Any CPU.ActiveCfg = Debug|Any CPU
		{233A4B6C-718E-4529-8B39-21C119A8D655}.Debug|Any CPU.Build.0 = Debug|Any CPU
		{233A4B6C-718E-4529-8B39-21C119A8D655}.Release|Any CPU.ActiveCfg = Release|Any CPU
		{233A4B6C-718E-4529-8B39-21C119A8D655}.Release|Any CPU.Build.0 = Release|Any CPU
	EndGlobalSection
	GlobalSection(SolutionProperties) = preSolution
		HideSolutionNode = FALSE
	EndGlobalSection
	GlobalSection(NestedProjects) = preSolution
		{6A621185-36A9-4E1A-8D3D-462D19503E32} = {0F08E36C-9F18-423D-8F8C-C8C2FACF00F7}
		{C17DE6B6-6885-4BA9-BAA8-273F3E03144D} = {0F08E36C-9F18-423D-8F8C-C8C2FACF00F7}
		{78586F32-C280-4C92-B34C-7A08B84BB658} = {0F08E36C-9F18-423D-8F8C-C8C2FACF00F7}
		{233A4B6C-718E-4529-8B39-21C119A8D655} = {0F08E36C-9F18-423D-8F8C-C8C2FACF00F7}
	EndGlobalSection
EndGlobal
